
Microsoft Visual Studio Solution File, Format Version 12.00
# Visual Studio Version 17
VisualStudioVersion = 17.5.002.0
MinimumVisualStudioVersion = 10.0.40219.1
Project("{9A19103F-16F7-4668-BE54-9A1E7A4F7556}") = "WEB_253504_Frolenko.UI", "WEB_253504_Frolenko.UI\WEB_253504_Frolenko.UI.csproj", "{35680D63-F86A-4B4E-B4FD-6B7DFCA585B3}"
EndProject
Global
	GlobalSection(SolutionConfigurationPlatforms) = preSolution
		Debug|Any CPU = Debug|Any CPU
		Release|Any CPU = Release|Any CPU
	EndGlobalSection
	GlobalSection(ProjectConfigurationPlatforms) = postSolution
		{35680D63-F86A-4B4E-B4FD-6B7DFCA585B3}.Debug|Any CPU.ActiveCfg = Debug|Any CPU
		{35680D63-F86A-4B4E-B4FD-6B7DFCA585B3}.Debug|Any CPU.Build.0 = Debug|Any CPU
		{35680D63-F86A-4B4E-B4FD-6B7DFCA585B3}.Release|Any CPU.ActiveCfg = Release|Any CPU
		{35680D63-F86A-4B4E-B4FD-6B7DFCA585B3}.Release|Any CPU.Build.0 = Release|Any CPU
	EndGlobalSection
	GlobalSection(SolutionProperties) = preSolution
		HideSolutionNode = FALSE
	EndGlobalSection
	GlobalSection(ExtensibilityGlobals) = postSolution
		SolutionGuid = {BE110265-3F2F-43AB-A14B-D3E6DE91C8E7}
	EndGlobalSection
EndGlobal
