
Microsoft Visual Studio Solution File, Format Version 12.00
# Visual Studio Version 17
VisualStudioVersion = 17.0.31903.59
MinimumVisualStudioVersion = 10.0.40219.1
Project("{FAE04EC0-301F-11D3-BF4B-00C04F79EFBC}") = "Server", "Server\Server.csproj", "{6457F47E-3051-41FD-B09A-E5502F8518CD}"
EndProject
Project("{FAE04EC0-301F-11D3-BF4B-00C04F79EFBC}") = "Client", "Client\Client.csproj", "{6990AEB2-E038-41FA-BB20-8D40463BB540}"
EndProject
Project("{FAE04EC0-301F-11D3-BF4B-00C04F79EFBC}") = "Shared", "Shared\Shared.csproj", "{CEE58EF4-53E0-47D4-896E-E6239C887C6F}"
EndProject
Global
	GlobalSection(SolutionConfigurationPlatforms) = preSolution
		Debug|Any CPU = Debug|Any CPU
		Release|Any CPU = Release|Any CPU
	EndGlobalSection
	GlobalSection(SolutionProperties) = preSolution
		HideSolutionNode = FALSE
	EndGlobalSection
	GlobalSection(ProjectConfigurationPlatforms) = postSolution
		{6457F47E-3051-41FD-B09A-E5502F8518CD}.Debug|Any CPU.ActiveCfg = Debug|Any CPU
		{6457F47E-3051-41FD-B09A-E5502F8518CD}.Debug|Any CPU.Build.0 = Debug|Any CPU
		{6457F47E-3051-41FD-B09A-E5502F8518CD}.Release|Any CPU.ActiveCfg = Release|Any CPU
		{6457F47E-3051-41FD-B09A-E5502F8518CD}.Release|Any CPU.Build.0 = Release|Any CPU
		{6990AEB2-E038-41FA-BB20-8D40463BB540}.Debug|Any CPU.ActiveCfg = Debug|Any CPU
		{6990AEB2-E038-41FA-BB20-8D40463BB540}.Debug|Any CPU.Build.0 = Debug|Any CPU
		{6990AEB2-E038-41FA-BB20-8D40463BB540}.Release|Any CPU.ActiveCfg = Release|Any CPU
		{6990AEB2-E038-41FA-BB20-8D40463BB540}.Release|Any CPU.Build.0 = Release|Any CPU
		{CEE58EF4-53E0-47D4-896E-E6239C887C6F}.Debug|Any CPU.ActiveCfg = Debug|Any CPU
		{CEE58EF4-53E0-47D4-896E-E6239C887C6F}.Debug|Any CPU.Build.0 = Debug|Any CPU
		{CEE58EF4-53E0-47D4-896E-E6239C887C6F}.Release|Any CPU.ActiveCfg = Release|Any CPU
		{CEE58EF4-53E0-47D4-896E-E6239C887C6F}.Release|Any CPU.Build.0 = Release|Any CPU
	EndGlobalSection
EndGlobal
