
Microsoft Visual Studio Solution File, Format Version 12.00
# Visual Studio Version 17
VisualStudioVersion = 17.5.002.0
MinimumVisualStudioVersion = 10.0.40219.1
Project("{2150E333-8FDC-42A3-9474-1A3956D46DE8}") = "WEB_253504_Frolenko", "WEB_253504_Frolenko", "{67F2BD34-7AF4-4B68-A3B9-83A62C3DE689}"
EndProject
Project("{9A19103F-16F7-4668-BE54-9A1E7A4F7556}") = "WEB_253504_Frolenko.API", "WEB_253504_Frolenko\WEB_253504_Frolenko.API\WEB_253504_Frolenko.API.csproj", "{D5E1F605-D7CF-442B-9911-CD833679423E}"
EndProject
Project("{9A19103F-16F7-4668-BE54-9A1E7A4F7556}") = "WEB_253504_Frolenko.Blazor.SSR", "WEB_253504_Frolenko\WEB_253504_Frolenko.Blazor.SSR\WEB_253504_Frolenko.Blazor.SSR.csproj", "{1AB2EE73-B090-44FB-924F-EE382BA03E46}"
EndProject
Project("{9A19103F-16F7-4668-BE54-9A1E7A4F7556}") = "WEB_253504_Frolenko.BlazorWasm", "WEB_253504_Frolenko\WEB_253504_Frolenko.BlazorWasm\WEB_253504_Frolenko.BlazorWasm.csproj", "{3CB54DB0-CFB4-41F6-9C65-39FC7A9C63AF}"
EndProject
Project("{9A19103F-16F7-4668-BE54-9A1E7A4F7556}") = "WEB_253504_Frolenko.Domain", "WEB_253504_Frolenko\WEB_253504_Frolenko.Domain\WEB_253504_Frolenko.Domain.csproj", "{A5631F2A-A174-4104-8E85-3DCC03EBF84B}"
EndProject
Project("{9A19103F-16F7-4668-BE54-9A1E7A4F7556}") = "WEB_253504_Frolenko.Tests", "WEB_253504_Frolenko\WEB_253504_Frolenko.Tests\WEB_253504_Frolenko.Tests.csproj", "{F256704E-A1A6-4F2E-ADA8-E797FBAA404E}"
EndProject
Project("{9A19103F-16F7-4668-BE54-9A1E7A4F7556}") = "WEB_253504_Frolenko.UI", "WEB_253504_Frolenko\WEB_253504_Frolenko.UI\WEB_253504_Frolenko.UI.csproj", "{3BB640D5-7609-4F13-83F6-C19C4C73BAD4}"
EndProject
Global
	GlobalSection(SolutionConfigurationPlatforms) = preSolution
		Debug|Any CPU = Debug|Any CPU
		Release|Any CPU = Release|Any CPU
	EndGlobalSection
	GlobalSection(ProjectConfigurationPlatforms) = postSolution
		{D5E1F605-D7CF-442B-9911-CD833679423E}.Debug|Any CPU.ActiveCfg = Debug|Any CPU
		{D5E1F605-D7CF-442B-9911-CD833679423E}.Debug|Any CPU.Build.0 = Debug|Any CPU
		{D5E1F605-D7CF-442B-9911-CD833679423E}.Release|Any CPU.ActiveCfg = Release|Any CPU
		{D5E1F605-D7CF-442B-9911-CD833679423E}.Release|Any CPU.Build.0 = Release|Any CPU
		{1AB2EE73-B090-44FB-924F-EE382BA03E46}.Debug|Any CPU.ActiveCfg = Debug|Any CPU
		{1AB2EE73-B090-44FB-924F-EE382BA03E46}.Debug|Any CPU.Build.0 = Debug|Any CPU
		{1AB2EE73-B090-44FB-924F-EE382BA03E46}.Release|Any CPU.ActiveCfg = Release|Any CPU
		{1AB2EE73-B090-44FB-924F-EE382BA03E46}.Release|Any CPU.Build.0 = Release|Any CPU
		{3CB54DB0-CFB4-41F6-9C65-39FC7A9C63AF}.Debug|Any CPU.ActiveCfg = Debug|Any CPU
		{3CB54DB0-CFB4-41F6-9C65-39FC7A9C63AF}.Debug|Any CPU.Build.0 = Debug|Any CPU
		{3CB54DB0-CFB4-41F6-9C65-39FC7A9C63AF}.Release|Any CPU.ActiveCfg = Release|Any CPU
		{3CB54DB0-CFB4-41F6-9C65-39FC7A9C63AF}.Release|Any CPU.Build.0 = Release|Any CPU
		{A5631F2A-A174-4104-8E85-3DCC03EBF84B}.Debug|Any CPU.ActiveCfg = Debug|Any CPU
		{A5631F2A-A174-4104-8E85-3DCC03EBF84B}.Debug|Any CPU.Build.0 = Debug|Any CPU
		{A5631F2A-A174-4104-8E85-3DCC03EBF84B}.Release|Any CPU.ActiveCfg = Release|Any CPU
		{A5631F2A-A174-4104-8E85-3DCC03EBF84B}.Release|Any CPU.Build.0 = Release|Any CPU
		{F256704E-A1A6-4F2E-ADA8-E797FBAA404E}.Debug|Any CPU.ActiveCfg = Debug|Any CPU
		{F256704E-A1A6-4F2E-ADA8-E797FBAA404E}.Debug|Any CPU.Build.0 = Debug|Any CPU
		{F256704E-A1A6-4F2E-ADA8-E797FBAA404E}.Release|Any CPU.ActiveCfg = Release|Any CPU
		{F256704E-A1A6-4F2E-ADA8-E797FBAA404E}.Release|Any CPU.Build.0 = Release|Any CPU
		{3BB640D5-7609-4F13-83F6-C19C4C73BAD4}.Debug|Any CPU.ActiveCfg = Debug|Any CPU
		{3BB640D5-7609-4F13-83F6-C19C4C73BAD4}.Debug|Any CPU.Build.0 = Debug|Any CPU
		{3BB640D5-7609-4F13-83F6-C19C4C73BAD4}.Release|Any CPU.ActiveCfg = Release|Any CPU
		{3BB640D5-7609-4F13-83F6-C19C4C73BAD4}.Release|Any CPU.Build.0 = Release|Any CPU
	EndGlobalSection
	GlobalSection(SolutionProperties) = preSolution
		HideSolutionNode = FALSE
	EndGlobalSection
	GlobalSection(NestedProjects) = preSolution
		{D5E1F605-D7CF-442B-9911-CD833679423E} = {67F2BD34-7AF4-4B68-A3B9-83A62C3DE689}
		{1AB2EE73-B090-44FB-924F-EE382BA03E46} = {67F2BD34-7AF4-4B68-A3B9-83A62C3DE689}
		{3CB54DB0-CFB4-41F6-9C65-39FC7A9C63AF} = {67F2BD34-7AF4-4B68-A3B9-83A62C3DE689}
		{A5631F2A-A174-4104-8E85-3DCC03EBF84B} = {67F2BD34-7AF4-4B68-A3B9-83A62C3DE689}
		{F256704E-A1A6-4F2E-ADA8-E797FBAA404E} = {67F2BD34-7AF4-4B68-A3B9-83A62C3DE689}
		{3BB640D5-7609-4F13-83F6-C19C4C73BAD4} = {67F2BD34-7AF4-4B68-A3B9-83A62C3DE689}
	EndGlobalSection
	GlobalSection(ExtensibilityGlobals) = postSolution
		SolutionGuid = {18990394-199E-4304-9233-FCF1C81FABA7}
	EndGlobalSection
EndGlobal
